
Microsoft Visual Studio Solution File, Format Version 12.00
# Visual Studio Version 17
VisualStudioVersion = 17.11.35431.28
MinimumVisualStudioVersion = 10.0.40219.1
Project("{8BC9CEB8-8B4A-11D0-8D11-00A0C91BC942}") = "Fraction_Calculations", "Fraction_Calculations\Fraction_Calculations.vcxproj", "{67DE0B68-06CE-464B-981E-41BFF76CB3C2}"
EndProject
Global
	GlobalSection(SolutionConfigurationPlatforms) = preSolution
		Debug|x64 = Debug|x64
		Debug|x86 = Debug|x86
		Release|x64 = Release|x64
		Release|x86 = Release|x86
	EndGlobalSection
	GlobalSection(ProjectConfigurationPlatforms) = postSolution
		{67DE0B68-06CE-464B-981E-41BFF76CB3C2}.Debug|x64.ActiveCfg = Debug|x64
		{67DE0B68-06CE-464B-981E-41BFF76CB3C2}.Debug|x64.Build.0 = Debug|x64
		{67DE0B68-06CE-464B-981E-41BFF76CB3C2}.Debug|x86.ActiveCfg = Debug|Win32
		{67DE0B68-06CE-464B-981E-41BFF76CB3C2}.Debug|x86.Build.0 = Debug|Win32
		{67DE0B68-06CE-464B-981E-41BFF76CB3C2}.Release|x64.ActiveCfg = Release|x64
		{67DE0B68-06CE-464B-981E-41BFF76CB3C2}.Release|x64.Build.0 = Release|x64
		{67DE0B68-06CE-464B-981E-41BFF76CB3C2}.Release|x86.ActiveCfg = Release|Win32
		{67DE0B68-06CE-464B-981E-41BFF76CB3C2}.Release|x86.Build.0 = Release|Win32
	EndGlobalSection
	GlobalSection(SolutionProperties) = preSolution
		HideSolutionNode = FALSE
	EndGlobalSection
	GlobalSection(ExtensibilityGlobals) = postSolution
		SolutionGuid = {2F7D09B6-B2D8-445B-946C-9F09C523492A}
	EndGlobalSection
EndGlobal
